
Microsoft Visual Studio Solution File, Format Version 12.00
# Visual Studio 2012
Project("{E24C65DC-7377-472B-9ABA-BC803B73C61A}") = "ws", "http://localhost:59239", "{15FCB667-4C48-4348-AEBE-05FC5DF5948E}"
	ProjectSection(WebsiteProperties) = preProject
		UseIISExpress = "true"
		TargetFrameworkMoniker = ".NETFramework,Version%3Dv4.5"
		Debug.AspNetCompiler.VirtualPath = "/localhost_59239"
		Debug.AspNetCompiler.PhysicalPath = "..\..\..\..\..\..\ws\"
		Debug.AspNetCompiler.TargetPath = "PrecompiledWeb\localhost_59239\"
		Debug.AspNetCompiler.Updateable = "true"
		Debug.AspNetCompiler.ForceOverwrite = "true"
		Debug.AspNetCompiler.FixedNames = "false"
		Debug.AspNetCompiler.Debug = "True"
		Release.AspNetCompiler.VirtualPath = "/localhost_59239"
		Release.AspNetCompiler.PhysicalPath = "..\..\..\..\..\..\ws\"
		Release.AspNetCompiler.TargetPath = "PrecompiledWeb\localhost_59239\"
		Release.AspNetCompiler.Updateable = "true"
		Release.AspNetCompiler.ForceOverwrite = "true"
		Release.AspNetCompiler.FixedNames = "false"
		Release.AspNetCompiler.Debug = "False"
		SlnRelativePath = "..\..\..\..\..\..\ws\"
		DefaultWebSiteLanguage = "Visual Basic"
	EndProjectSection
EndProject
Global
	GlobalSection(SolutionConfigurationPlatforms) = preSolution
		Debug|Any CPU = Debug|Any CPU
	EndGlobalSection
	GlobalSection(ProjectConfigurationPlatforms) = postSolution
		{15FCB667-4C48-4348-AEBE-05FC5DF5948E}.Debug|Any CPU.ActiveCfg = Debug|Any CPU
		{15FCB667-4C48-4348-AEBE-05FC5DF5948E}.Debug|Any CPU.Build.0 = Debug|Any CPU
	EndGlobalSection
	GlobalSection(SolutionProperties) = preSolution
		HideSolutionNode = FALSE
	EndGlobalSection
EndGlobal
